
Microsoft Visual Studio Solution File, Format Version 12.00
# Visual Studio Version 17
VisualStudioVersion = 17.4.33122.133
MinimumVisualStudioVersion = 10.0.40219.1
Project("{9A19103F-16F7-4668-BE54-9A1E7A4F7556}") = "PicartoWrapperAPI", "PicartoWrapperAPI\PicartoWrapperAPI.csproj", "{2933E963-761C-4314-9C08-95FD16FC2A2A}"
EndProject
Project("{9A19103F-16F7-4668-BE54-9A1E7A4F7556}") = "PicartoCSharpWrapper.Tests", "PicartoCSharpWrapper.Tests\PicartoCSharpWrapper.Tests.csproj", "{38E64766-083E-4780-B83E-611B01DFDCFE}"
EndProject
Global
	GlobalSection(SolutionConfigurationPlatforms) = preSolution
		Debug|Any CPU = Debug|Any CPU
		Release|Any CPU = Release|Any CPU
	EndGlobalSection
	GlobalSection(ProjectConfigurationPlatforms) = postSolution
		{2933E963-761C-4314-9C08-95FD16FC2A2A}.Debug|Any CPU.ActiveCfg = Debug|Any CPU
		{2933E963-761C-4314-9C08-95FD16FC2A2A}.Debug|Any CPU.Build.0 = Debug|Any CPU
		{2933E963-761C-4314-9C08-95FD16FC2A2A}.Release|Any CPU.ActiveCfg = Release|Any CPU
		{2933E963-761C-4314-9C08-95FD16FC2A2A}.Release|Any CPU.Build.0 = Release|Any CPU
		{38E64766-083E-4780-B83E-611B01DFDCFE}.Debug|Any CPU.ActiveCfg = Debug|Any CPU
		{38E64766-083E-4780-B83E-611B01DFDCFE}.Debug|Any CPU.Build.0 = Debug|Any CPU
		{38E64766-083E-4780-B83E-611B01DFDCFE}.Release|Any CPU.ActiveCfg = Release|Any CPU
		{38E64766-083E-4780-B83E-611B01DFDCFE}.Release|Any CPU.Build.0 = Release|Any CPU
	EndGlobalSection
	GlobalSection(SolutionProperties) = preSolution
		HideSolutionNode = FALSE
	EndGlobalSection
	GlobalSection(ExtensibilityGlobals) = postSolution
		SolutionGuid = {380A4D59-B745-4F23-998F-637AA6D15AF1}
	EndGlobalSection
EndGlobal
